
Microsoft Visual Studio Solution File, Format Version 12.00
# Visual Studio Version 16
VisualStudioVersion = 16.0.32106.194
MinimumVisualStudioVersion = 10.0.40219.1
Project("{FAE04EC0-301F-11D3-BF4B-00C04F79EFBC}") = "OOP3", "OOP3\OOP3.csproj", "{57E5510B-9C58-421D-BF3C-CBC622B4A558}"
EndProject
Global
	GlobalSection(SolutionConfigurationPlatforms) = preSolution
		Debug|Any CPU = Debug|Any CPU
		Release|Any CPU = Release|Any CPU
	EndGlobalSection
	GlobalSection(ProjectConfigurationPlatforms) = postSolution
		{57E5510B-9C58-421D-BF3C-CBC622B4A558}.Debug|Any CPU.ActiveCfg = Debug|Any CPU
		{57E5510B-9C58-421D-BF3C-CBC622B4A558}.Debug|Any CPU.Build.0 = Debug|Any CPU
		{57E5510B-9C58-421D-BF3C-CBC622B4A558}.Release|Any CPU.ActiveCfg = Release|Any CPU
		{57E5510B-9C58-421D-BF3C-CBC622B4A558}.Release|Any CPU.Build.0 = Release|Any CPU
	EndGlobalSection
	GlobalSection(SolutionProperties) = preSolution
		HideSolutionNode = FALSE
	EndGlobalSection
	GlobalSection(ExtensibilityGlobals) = postSolution
		SolutionGuid = {C9BD7EA7-6C1A-41CF-BD7E-BC27781CD75B}
	EndGlobalSection
EndGlobal
